PODS:
  - Flutter (1.0.0)
  - rhttp (0.0.1):
    - Flutter

DEPENDENCIES:
  - Flutter (from `Flutter`)
  - rhttp (from `.symlinks/plugins/rhttp/ios`)

EXTERNAL SOURCES:
  Flutter:
    :path: Flutter
  rhttp:
    :path: ".symlinks/plugins/rhttp/ios"

SPEC CHECKSUMS:
  Flutter: cabc95a1d2626b1b06e7179b784ebcf0c0cde467
  rhttp: 359daed992674fc912552df3106bfbc746bcc929

PODFILE CHECKSUM: 3c63482e143d1b91d2d2560aee9fb04ecc74ac7e

COCOAPODS: 1.16.2
